
Microsoft Visual Studio Solution File, Format Version 12.00
# Visual Studio Version 17
VisualStudioVersion = 17.11.35327.3
MinimumVisualStudioVersion = 10.0.40219.1
Project("{9A19103F-16F7-4668-BE54-9A1E7A4F7556}") = "BlazorCrud.Server", "BlazorCrud.Server\BlazorCrud.Server.csproj", "{0E0698A1-7B37-4C9B-9497-418B39C36B4E}"
EndProject
Project("{9A19103F-16F7-4668-BE54-9A1E7A4F7556}") = "BlazorCrud.Shared", "BlazorCrud.Shared\BlazorCrud.Shared.csproj", "{DAB22E62-E962-42C4-9B1D-59BB679B4198}"
EndProject
Project("{9A19103F-16F7-4668-BE54-9A1E7A4F7556}") = "BlazorCrud.Client", "BlazorCrud.Client\BlazorCrud.Client.csproj", "{4F3ACE78-5F01-4444-B194-41C59945EEE3}"
EndProject
Global
	GlobalSection(SolutionConfigurationPlatforms) = preSolution
		Debug|Any CPU = Debug|Any CPU
		Release|Any CPU = Release|Any CPU
	EndGlobalSection
	GlobalSection(ProjectConfigurationPlatforms) = postSolution
		{0E0698A1-7B37-4C9B-9497-418B39C36B4E}.Debug|Any CPU.ActiveCfg = Debug|Any CPU
		{0E0698A1-7B37-4C9B-9497-418B39C36B4E}.Debug|Any CPU.Build.0 = Debug|Any CPU
		{0E0698A1-7B37-4C9B-9497-418B39C36B4E}.Release|Any CPU.ActiveCfg = Release|Any CPU
		{0E0698A1-7B37-4C9B-9497-418B39C36B4E}.Release|Any CPU.Build.0 = Release|Any CPU
		{DAB22E62-E962-42C4-9B1D-59BB679B4198}.Debug|Any CPU.ActiveCfg = Debug|Any CPU
		{DAB22E62-E962-42C4-9B1D-59BB679B4198}.Debug|Any CPU.Build.0 = Debug|Any CPU
		{DAB22E62-E962-42C4-9B1D-59BB679B4198}.Release|Any CPU.ActiveCfg = Release|Any CPU
		{DAB22E62-E962-42C4-9B1D-59BB679B4198}.Release|Any CPU.Build.0 = Release|Any CPU
		{4F3ACE78-5F01-4444-B194-41C59945EEE3}.Debug|Any CPU.ActiveCfg = Debug|Any CPU
		{4F3ACE78-5F01-4444-B194-41C59945EEE3}.Debug|Any CPU.Build.0 = Debug|Any CPU
		{4F3ACE78-5F01-4444-B194-41C59945EEE3}.Release|Any CPU.ActiveCfg = Release|Any CPU
		{4F3ACE78-5F01-4444-B194-41C59945EEE3}.Release|Any CPU.Build.0 = Release|Any CPU
	EndGlobalSection
	GlobalSection(SolutionProperties) = preSolution
		HideSolutionNode = FALSE
	EndGlobalSection
	GlobalSection(ExtensibilityGlobals) = postSolution
		SolutionGuid = {AE0C9AE5-F3AD-4310-BB39-177DFC57311C}
	EndGlobalSection
EndGlobal
